
Microsoft Visual Studio Solution File, Format Version 12.00
# Visual Studio Version 16
VisualStudioVersion = 16.0.30503.244
MinimumVisualStudioVersion = 10.0.40219.1
Project("{F184B08F-C81C-45F6-A57F-5ABD9991F28F}") = "KreaLabel", "KreaLabel\KreaLabel.vbproj", "{61AB7518-A67A-4C21-B3B1-67748A179E71}"
EndProject
Project("{2150E333-8FDC-42A3-9474-1A3956D46DE8}") = "Solution Items", "Solution Items", "{31808931-6F10-4BCB-8F66-1286E5CF4A3D}"
	ProjectSection(SolutionItems) = preProject
		KreaLabel\frm_Welcome.vb = KreaLabel\frm_Welcome.vb
		KreaLabel\InfoProd.dll = KreaLabel\InfoProd.dll
	EndProjectSection
EndProject
Global
	GlobalSection(SolutionConfigurationPlatforms) = preSolution
		Debug|Any CPU = Debug|Any CPU
		Release|Any CPU = Release|Any CPU
	EndGlobalSection
	GlobalSection(ProjectConfigurationPlatforms) = postSolution
		{61AB7518-A67A-4C21-B3B1-67748A179E71}.Debug|Any CPU.ActiveCfg = Debug|Any CPU
		{61AB7518-A67A-4C21-B3B1-67748A179E71}.Debug|Any CPU.Build.0 = Debug|Any CPU
		{61AB7518-A67A-4C21-B3B1-67748A179E71}.Release|Any CPU.ActiveCfg = Release|Any CPU
		{61AB7518-A67A-4C21-B3B1-67748A179E71}.Release|Any CPU.Build.0 = Release|Any CPU
	EndGlobalSection
	GlobalSection(SolutionProperties) = preSolution
		HideSolutionNode = FALSE
	EndGlobalSection
	GlobalSection(ExtensibilityGlobals) = postSolution
		SolutionGuid = {0C8AC2BB-4856-4314-AA9E-B8CEFD6646B3}
	EndGlobalSection
EndGlobal
